
Microsoft Visual Studio Solution File, Format Version 12.00
# Visual Studio 15
VisualStudioVersion = 15.0.26730.16
MinimumVisualStudioVersion = 10.0.40219.1
Project("{FAE04EC0-301F-11D3-BF4B-00C04F79EFBC}") = "SCI_Translator", "SCI_Translator\SCI_Translator.csproj", "{856149C8-0891-4561-96A5-E9D39C38D167}"
EndProject
Project("{2150E333-8FDC-42A3-9474-1A3956D46DE8}") = "Solution Items", "Solution Items", "{59C09726-E22A-494D-B987-4EDC7286180F}"
	ProjectSection(SolutionItems) = preProject
		TODO.txt = TODO.txt
	EndProjectSection
EndProject
Project("{FAE04EC0-301F-11D3-BF4B-00C04F79EFBC}") = "Notabenoid", "Notabenoid\Notabenoid.csproj", "{4946004A-3EFB-4502-8A27-A5F9A2380EBB}"
EndProject
Global
	GlobalSection(SolutionConfigurationPlatforms) = preSolution
		Debug|Any CPU = Debug|Any CPU
		Debug|x86 = Debug|x86
		Release|Any CPU = Release|Any CPU
		Release|x86 = Release|x86
	EndGlobalSection
	GlobalSection(ProjectConfigurationPlatforms) = postSolution
		{856149C8-0891-4561-96A5-E9D39C38D167}.Debug|Any CPU.ActiveCfg = Debug|x86
		{856149C8-0891-4561-96A5-E9D39C38D167}.Debug|x86.ActiveCfg = Debug|x86
		{856149C8-0891-4561-96A5-E9D39C38D167}.Debug|x86.Build.0 = Debug|x86
		{856149C8-0891-4561-96A5-E9D39C38D167}.Release|Any CPU.ActiveCfg = Release|x86
		{856149C8-0891-4561-96A5-E9D39C38D167}.Release|x86.ActiveCfg = Release|x86
		{856149C8-0891-4561-96A5-E9D39C38D167}.Release|x86.Build.0 = Release|x86
		{4946004A-3EFB-4502-8A27-A5F9A2380EBB}.Debug|Any CPU.ActiveCfg = Debug|Any CPU
		{4946004A-3EFB-4502-8A27-A5F9A2380EBB}.Debug|Any CPU.Build.0 = Debug|Any CPU
		{4946004A-3EFB-4502-8A27-A5F9A2380EBB}.Debug|x86.ActiveCfg = Debug|Any CPU
		{4946004A-3EFB-4502-8A27-A5F9A2380EBB}.Debug|x86.Build.0 = Debug|Any CPU
		{4946004A-3EFB-4502-8A27-A5F9A2380EBB}.Release|Any CPU.ActiveCfg = Release|Any CPU
		{4946004A-3EFB-4502-8A27-A5F9A2380EBB}.Release|Any CPU.Build.0 = Release|Any CPU
		{4946004A-3EFB-4502-8A27-A5F9A2380EBB}.Release|x86.ActiveCfg = Release|Any CPU
		{4946004A-3EFB-4502-8A27-A5F9A2380EBB}.Release|x86.Build.0 = Release|Any CPU
	EndGlobalSection
	GlobalSection(SolutionProperties) = preSolution
		HideSolutionNode = FALSE
	EndGlobalSection
	GlobalSection(ExtensibilityGlobals) = postSolution
		SolutionGuid = {149A919A-CFE4-4D0B-8283-57D5C656DA3E}
	EndGlobalSection
EndGlobal
