
Microsoft Visual Studio Solution File, Format Version 12.00
# Visual Studio Version 16
VisualStudioVersion = 16.0.29924.181
MinimumVisualStudioVersion = 10.0.40219.1
Project("{FAE04EC0-301F-11D3-BF4B-00C04F79EFBC}") = "LettersCount", "LettersCount.csproj", "{C9A4481B-4E25-4675-A4CA-817BE816E666}"
EndProject
Global
	GlobalSection(SolutionConfigurationPlatforms) = preSolution
		Debug|Any CPU = Debug|Any CPU
		Release|Any CPU = Release|Any CPU
	EndGlobalSection
	GlobalSection(ProjectConfigurationPlatforms) = postSolution
		{C9A4481B-4E25-4675-A4CA-817BE816E666}.Debug|Any CPU.ActiveCfg = Debug|Any CPU
		{C9A4481B-4E25-4675-A4CA-817BE816E666}.Debug|Any CPU.Build.0 = Debug|Any CPU
		{C9A4481B-4E25-4675-A4CA-817BE816E666}.Release|Any CPU.ActiveCfg = Release|Any CPU
		{C9A4481B-4E25-4675-A4CA-817BE816E666}.Release|Any CPU.Build.0 = Release|Any CPU
	EndGlobalSection
	GlobalSection(SolutionProperties) = preSolution
		HideSolutionNode = FALSE
	EndGlobalSection
	GlobalSection(ExtensibilityGlobals) = postSolution
		SolutionGuid = {702AAB89-D425-4FAA-B0CD-10064E7E9B3F}
	EndGlobalSection
EndGlobal
